
Microsoft Visual Studio Solution File, Format Version 12.00
# Visual Studio 14
VisualStudioVersion = 14.0.25420.1
MinimumVisualStudioVersion = 10.0.40219.1
Project("{FAE04EC0-301F-11D3-BF4B-00C04F79EFBC}") = "USCISCaseTracker.Droid", "USCISCaseTracker\USCISCaseTracker.Droid\USCISCaseTracker.Droid.csproj", "{00D3A5BD-C8B6-4FA5-ADAF-658516E7654F}"
EndProject
Project("{FAE04EC0-301F-11D3-BF4B-00C04F79EFBC}") = "USCISCaseTracker.iOS", "USCISCaseTracker\USCISCaseTracker.iOS\USCISCaseTracker.iOS.csproj", "{D02F30FB-AEE0-4798-B082-FA2F5F665B76}"
EndProject
Project("{FAE04EC0-301F-11D3-BF4B-00C04F79EFBC}") = "USCISCaseTracker", "USCISCaseTracker\USCISCaseTracker\USCISCaseTracker.csproj", "{4967D7C9-9EA7-4FC5-976C-136BC1F8F860}"
EndProject
Project("{FAE04EC0-301F-11D3-BF4B-00C04F79EFBC}") = "USCISCaseTracker.UWP", "USCISCaseTracker\USCISCaseTracker.UWP\USCISCaseTracker.UWP.csproj", "{5ECB91E5-6466-4349-850F-199D7D691A42}"
EndProject
Project("{FAE04EC0-301F-11D3-BF4B-00C04F79EFBC}") = "USCISCaseTracker.UWP.Background", "USCISCaseTracker\USCISCaseTracker.UWP.Background\USCISCaseTracker.UWP.Background.csproj", "{58733DD6-1C6F-4FD7-B835-B13FEDE26C32}"
EndProject
Project("{FAE04EC0-301F-11D3-BF4B-00C04F79EFBC}") = "USCISCaseTracker.UWP.Shared", "USCISCaseTracker\USCISCaseTracker.UWP.Shared\USCISCaseTracker.UWP.Shared.csproj", "{AF4E577C-0313-4B7E-B35C-56FC91B89979}"
EndProject
Global
	GlobalSection(SolutionConfigurationPlatforms) = preSolution
		Debug|Any CPU = Debug|Any CPU
		Debug|ARM = Debug|ARM
		Debug|iPhone = Debug|iPhone
		Debug|iPhoneSimulator = Debug|iPhoneSimulator
		Debug|x64 = Debug|x64
		Debug|x86 = Debug|x86
		Release|Any CPU = Release|Any CPU
		Release|ARM = Release|ARM
		Release|iPhone = Release|iPhone
		Release|iPhoneSimulator = Release|iPhoneSimulator
		Release|x64 = Release|x64
		Release|x86 = Release|x86
	EndGlobalSection
	GlobalSection(ProjectConfigurationPlatforms) = postSolution
		{00D3A5BD-C8B6-4FA5-ADAF-658516E7654F}.Debug|Any CPU.ActiveCfg = Debug|Any CPU
		{00D3A5BD-C8B6-4FA5-ADAF-658516E7654F}.Debug|Any CPU.Build.0 = Debug|Any CPU
		{00D3A5BD-C8B6-4FA5-ADAF-658516E7654F}.Debug|Any CPU.Deploy.0 = Debug|Any CPU
		{00D3A5BD-C8B6-4FA5-ADAF-658516E7654F}.Debug|ARM.ActiveCfg = Debug|Any CPU
		{00D3A5BD-C8B6-4FA5-ADAF-658516E7654F}.Debug|ARM.Build.0 = Debug|Any CPU
		{00D3A5BD-C8B6-4FA5-ADAF-658516E7654F}.Debug|ARM.Deploy.0 = Debug|Any CPU
		{00D3A5BD-C8B6-4FA5-ADAF-658516E7654F}.Debug|iPhone.ActiveCfg = Debug|Any CPU
		{00D3A5BD-C8B6-4FA5-ADAF-658516E7654F}.Debug|iPhone.Build.0 = Debug|Any CPU
		{00D3A5BD-C8B6-4FA5-ADAF-658516E7654F}.Debug|iPhone.Deploy.0 = Debug|Any CPU
		{00D3A5BD-C8B6-4FA5-ADAF-658516E7654F}.Debug|iPhoneSimulator.ActiveCfg = Debug|Any CPU
		{00D3A5BD-C8B6-4FA5-ADAF-658516E7654F}.Debug|iPhoneSimulator.Build.0 = Debug|Any CPU
		{00D3A5BD-C8B6-4FA5-ADAF-658516E7654F}.Debug|iPhoneSimulator.Deploy.0 = Debug|Any CPU
		{00D3A5BD-C8B6-4FA5-ADAF-658516E7654F}.Debug|x64.ActiveCfg = Debug|Any CPU
		{00D3A5BD-C8B6-4FA5-ADAF-658516E7654F}.Debug|x64.Build.0 = Debug|Any CPU
		{00D3A5BD-C8B6-4FA5-ADAF-658516E7654F}.Debug|x64.Deploy.0 = Debug|Any CPU
		{00D3A5BD-C8B6-4FA5-ADAF-658516E7654F}.Debug|x86.ActiveCfg = Debug|Any CPU
		{00D3A5BD-C8B6-4FA5-ADAF-658516E7654F}.Debug|x86.Build.0 = Debug|Any CPU
		{00D3A5BD-C8B6-4FA5-ADAF-658516E7654F}.Debug|x86.Deploy.0 = Debug|Any CPU
		{00D3A5BD-C8B6-4FA5-ADAF-658516E7654F}.Release|Any CPU.ActiveCfg = Release|Any CPU
		{00D3A5BD-C8B6-4FA5-ADAF-658516E7654F}.Release|Any CPU.Build.0 = Release|Any CPU
		{00D3A5BD-C8B6-4FA5-ADAF-658516E7654F}.Release|Any CPU.Deploy.0 = Release|Any CPU
		{00D3A5BD-C8B6-4FA5-ADAF-658516E7654F}.Release|ARM.ActiveCfg = Release|Any CPU
		{00D3A5BD-C8B6-4FA5-ADAF-658516E7654F}.Release|ARM.Build.0 = Release|Any CPU
		{00D3A5BD-C8B6-4FA5-ADAF-658516E7654F}.Release|ARM.Deploy.0 = Release|Any CPU
		{00D3A5BD-C8B6-4FA5-ADAF-658516E7654F}.Release|iPhone.ActiveCfg = Release|Any CPU
		{00D3A5BD-C8B6-4FA5-ADAF-658516E7654F}.Release|iPhone.Build.0 = Release|Any CPU
		{00D3A5BD-C8B6-4FA5-ADAF-658516E7654F}.Release|iPhone.Deploy.0 = Release|Any CPU
		{00D3A5BD-C8B6-4FA5-ADAF-658516E7654F}.Release|iPhoneSimulator.ActiveCfg = Release|Any CPU
		{00D3A5BD-C8B6-4FA5-ADAF-658516E7654F}.Release|iPhoneSimulator.Build.0 = Release|Any CPU
		{00D3A5BD-C8B6-4FA5-ADAF-658516E7654F}.Release|iPhoneSimulator.Deploy.0 = Release|Any CPU
		{00D3A5BD-C8B6-4FA5-ADAF-658516E7654F}.Release|x64.ActiveCfg = Release|Any CPU
		{00D3A5BD-C8B6-4FA5-ADAF-658516E7654F}.Release|x64.Build.0 = Release|Any CPU
		{00D3A5BD-C8B6-4FA5-ADAF-658516E7654F}.Release|x64.Deploy.0 = Release|Any CPU
		{00D3A5BD-C8B6-4FA5-ADAF-658516E7654F}.Release|x86.ActiveCfg = Release|Any CPU
		{00D3A5BD-C8B6-4FA5-ADAF-658516E7654F}.Release|x86.Build.0 = Release|Any CPU
		{00D3A5BD-C8B6-4FA5-ADAF-658516E7654F}.Release|x86.Deploy.0 = Release|Any CPU
		{D02F30FB-AEE0-4798-B082-FA2F5F665B76}.Debug|Any CPU.ActiveCfg = Debug|iPhone
		{D02F30FB-AEE0-4798-B082-FA2F5F665B76}.Debug|ARM.ActiveCfg = Debug|iPhone
		{D02F30FB-AEE0-4798-B082-FA2F5F665B76}.Debug|iPhone.ActiveCfg = Debug|iPhone
		{D02F30FB-AEE0-4798-B082-FA2F5F665B76}.Debug|iPhone.Build.0 = Debug|iPhone
		{D02F30FB-AEE0-4798-B082-FA2F5F665B76}.Debug|iPhoneSimulator.ActiveCfg = Debug|iPhoneSimulator
		{D02F30FB-AEE0-4798-B082-FA2F5F665B76}.Debug|iPhoneSimulator.Build.0 = Debug|iPhoneSimulator
		{D02F30FB-AEE0-4798-B082-FA2F5F665B76}.Debug|x64.ActiveCfg = Debug|iPhoneSimulator
		{D02F30FB-AEE0-4798-B082-FA2F5F665B76}.Debug|x86.ActiveCfg = Debug|iPhone
		{D02F30FB-AEE0-4798-B082-FA2F5F665B76}.Release|Any CPU.ActiveCfg = Release|iPhone
		{D02F30FB-AEE0-4798-B082-FA2F5F665B76}.Release|ARM.ActiveCfg = Release|iPhone
		{D02F30FB-AEE0-4798-B082-FA2F5F665B76}.Release|iPhone.ActiveCfg = Release|iPhone
		{D02F30FB-AEE0-4798-B082-FA2F5F665B76}.Release|iPhone.Build.0 = Release|iPhone
		{D02F30FB-AEE0-4798-B082-FA2F5F665B76}.Release|iPhoneSimulator.ActiveCfg = Release|iPhoneSimulator
		{D02F30FB-AEE0-4798-B082-FA2F5F665B76}.Release|iPhoneSimulator.Build.0 = Release|iPhoneSimulator
		{D02F30FB-AEE0-4798-B082-FA2F5F665B76}.Release|x64.ActiveCfg = Release|iPhoneSimulator
		{D02F30FB-AEE0-4798-B082-FA2F5F665B76}.Release|x86.ActiveCfg = Release|iPhone
		{4967D7C9-9EA7-4FC5-976C-136BC1F8F860}.Debug|Any CPU.ActiveCfg = Debug|Any CPU
		{4967D7C9-9EA7-4FC5-976C-136BC1F8F860}.Debug|Any CPU.Build.0 = Debug|Any CPU
		{4967D7C9-9EA7-4FC5-976C-136BC1F8F860}.Debug|ARM.ActiveCfg = Debug|Any CPU
		{4967D7C9-9EA7-4FC5-976C-136BC1F8F860}.Debug|ARM.Build.0 = Debug|Any CPU
		{4967D7C9-9EA7-4FC5-976C-136BC1F8F860}.Debug|iPhone.ActiveCfg = Debug|Any CPU
		{4967D7C9-9EA7-4FC5-976C-136BC1F8F860}.Debug|iPhone.Build.0 = Debug|Any CPU
		{4967D7C9-9EA7-4FC5-976C-136BC1F8F860}.Debug|iPhoneSimulator.ActiveCfg = Debug|Any CPU
		{4967D7C9-9EA7-4FC5-976C-136BC1F8F860}.Debug|iPhoneSimulator.Build.0 = Debug|Any CPU
		{4967D7C9-9EA7-4FC5-976C-136BC1F8F860}.Debug|x64.ActiveCfg = Debug|Any CPU
		{4967D7C9-9EA7-4FC5-976C-136BC1F8F860}.Debug|x64.Build.0 = Debug|Any CPU
		{4967D7C9-9EA7-4FC5-976C-136BC1F8F860}.Debug|x86.ActiveCfg = Debug|Any CPU
		{4967D7C9-9EA7-4FC5-976C-136BC1F8F860}.Debug|x86.Build.0 = Debug|Any CPU
		{4967D7C9-9EA7-4FC5-976C-136BC1F8F860}.Release|Any CPU.ActiveCfg = Release|Any CPU
		{4967D7C9-9EA7-4FC5-976C-136BC1F8F860}.Release|Any CPU.Build.0 = Release|Any CPU
		{4967D7C9-9EA7-4FC5-976C-136BC1F8F860}.Release|ARM.ActiveCfg = Release|Any CPU
		{4967D7C9-9EA7-4FC5-976C-136BC1F8F860}.Release|ARM.Build.0 = Release|Any CPU
		{4967D7C9-9EA7-4FC5-976C-136BC1F8F860}.Release|iPhone.ActiveCfg = Release|Any CPU
		{4967D7C9-9EA7-4FC5-976C-136BC1F8F860}.Release|iPhone.Build.0 = Release|Any CPU
		{4967D7C9-9EA7-4FC5-976C-136BC1F8F860}.Release|iPhoneSimulator.ActiveCfg = Release|Any CPU
		{4967D7C9-9EA7-4FC5-976C-136BC1F8F860}.Release|iPhoneSimulator.Build.0 = Release|Any CPU
		{4967D7C9-9EA7-4FC5-976C-136BC1F8F860}.Release|x64.ActiveCfg = Release|Any CPU
		{4967D7C9-9EA7-4FC5-976C-136BC1F8F860}.Release|x64.Build.0 = Release|Any CPU
		{4967D7C9-9EA7-4FC5-976C-136BC1F8F860}.Release|x86.ActiveCfg = Release|Any CPU
		{4967D7C9-9EA7-4FC5-976C-136BC1F8F860}.Release|x86.Build.0 = Release|Any CPU
		{5ECB91E5-6466-4349-850F-199D7D691A42}.Debug|Any CPU.ActiveCfg = Debug|x86
		{5ECB91E5-6466-4349-850F-199D7D691A42}.Debug|Any CPU.Build.0 = Debug|x86
		{5ECB91E5-6466-4349-850F-199D7D691A42}.Debug|Any CPU.Deploy.0 = Debug|x86
		{5ECB91E5-6466-4349-850F-199D7D691A42}.Debug|ARM.ActiveCfg = Debug|ARM
		{5ECB91E5-6466-4349-850F-199D7D691A42}.Debug|ARM.Build.0 = Debug|ARM
		{5ECB91E5-6466-4349-850F-199D7D691A42}.Debug|ARM.Deploy.0 = Debug|ARM
		{5ECB91E5-6466-4349-850F-199D7D691A42}.Debug|iPhone.ActiveCfg = Debug|x86
		{5ECB91E5-6466-4349-850F-199D7D691A42}.Debug|iPhoneSimulator.ActiveCfg = Debug|x86
		{5ECB91E5-6466-4349-850F-199D7D691A42}.Debug|x64.ActiveCfg = Debug|x64
		{5ECB91E5-6466-4349-850F-199D7D691A42}.Debug|x64.Build.0 = Debug|x64
		{5ECB91E5-6466-4349-850F-199D7D691A42}.Debug|x64.Deploy.0 = Debug|x64
		{5ECB91E5-6466-4349-850F-199D7D691A42}.Debug|x86.ActiveCfg = Debug|x86
		{5ECB91E5-6466-4349-850F-199D7D691A42}.Debug|x86.Build.0 = Debug|x86
		{5ECB91E5-6466-4349-850F-199D7D691A42}.Debug|x86.Deploy.0 = Debug|x86
		{5ECB91E5-6466-4349-850F-199D7D691A42}.Release|Any CPU.ActiveCfg = Release|x86
		{5ECB91E5-6466-4349-850F-199D7D691A42}.Release|ARM.ActiveCfg = Release|ARM
		{5ECB91E5-6466-4349-850F-199D7D691A42}.Release|ARM.Build.0 = Release|ARM
		{5ECB91E5-6466-4349-850F-199D7D691A42}.Release|ARM.Deploy.0 = Release|ARM
		{5ECB91E5-6466-4349-850F-199D7D691A42}.Release|iPhone.ActiveCfg = Release|x86
		{5ECB91E5-6466-4349-850F-199D7D691A42}.Release|iPhoneSimulator.ActiveCfg = Release|x86
		{5ECB91E5-6466-4349-850F-199D7D691A42}.Release|x64.ActiveCfg = Release|x64
		{5ECB91E5-6466-4349-850F-199D7D691A42}.Release|x64.Build.0 = Release|x64
		{5ECB91E5-6466-4349-850F-199D7D691A42}.Release|x64.Deploy.0 = Release|x64
		{5ECB91E5-6466-4349-850F-199D7D691A42}.Release|x86.ActiveCfg = Release|x86
		{5ECB91E5-6466-4349-850F-199D7D691A42}.Release|x86.Build.0 = Release|x86
		{5ECB91E5-6466-4349-850F-199D7D691A42}.Release|x86.Deploy.0 = Release|x86
		{58733DD6-1C6F-4FD7-B835-B13FEDE26C32}.Debug|Any CPU.ActiveCfg = Debug|Any CPU
		{58733DD6-1C6F-4FD7-B835-B13FEDE26C32}.Debug|Any CPU.Build.0 = Debug|Any CPU
		{58733DD6-1C6F-4FD7-B835-B13FEDE26C32}.Debug|ARM.ActiveCfg = Debug|ARM
		{58733DD6-1C6F-4FD7-B835-B13FEDE26C32}.Debug|ARM.Build.0 = Debug|ARM
		{58733DD6-1C6F-4FD7-B835-B13FEDE26C32}.Debug|iPhone.ActiveCfg = Debug|Any CPU
		{58733DD6-1C6F-4FD7-B835-B13FEDE26C32}.Debug|iPhone.Build.0 = Debug|Any CPU
		{58733DD6-1C6F-4FD7-B835-B13FEDE26C32}.Debug|iPhoneSimulator.ActiveCfg = Debug|Any CPU
		{58733DD6-1C6F-4FD7-B835-B13FEDE26C32}.Debug|iPhoneSimulator.Build.0 = Debug|Any CPU
		{58733DD6-1C6F-4FD7-B835-B13FEDE26C32}.Debug|x64.ActiveCfg = Debug|x64
		{58733DD6-1C6F-4FD7-B835-B13FEDE26C32}.Debug|x64.Build.0 = Debug|x64
		{58733DD6-1C6F-4FD7-B835-B13FEDE26C32}.Debug|x86.ActiveCfg = Debug|x86
		{58733DD6-1C6F-4FD7-B835-B13FEDE26C32}.Debug|x86.Build.0 = Debug|x86
		{58733DD6-1C6F-4FD7-B835-B13FEDE26C32}.Release|Any CPU.ActiveCfg = Release|Any CPU
		{58733DD6-1C6F-4FD7-B835-B13FEDE26C32}.Release|Any CPU.Build.0 = Release|Any CPU
		{58733DD6-1C6F-4FD7-B835-B13FEDE26C32}.Release|ARM.ActiveCfg = Release|ARM
		{58733DD6-1C6F-4FD7-B835-B13FEDE26C32}.Release|ARM.Build.0 = Release|ARM
		{58733DD6-1C6F-4FD7-B835-B13FEDE26C32}.Release|iPhone.ActiveCfg = Release|Any CPU
		{58733DD6-1C6F-4FD7-B835-B13FEDE26C32}.Release|iPhone.Build.0 = Release|Any CPU
		{58733DD6-1C6F-4FD7-B835-B13FEDE26C32}.Release|iPhoneSimulator.ActiveCfg = Release|Any CPU
		{58733DD6-1C6F-4FD7-B835-B13FEDE26C32}.Release|iPhoneSimulator.Build.0 = Release|Any CPU
		{58733DD6-1C6F-4FD7-B835-B13FEDE26C32}.Release|x64.ActiveCfg = Release|x64
		{58733DD6-1C6F-4FD7-B835-B13FEDE26C32}.Release|x64.Build.0 = Release|x64
		{58733DD6-1C6F-4FD7-B835-B13FEDE26C32}.Release|x86.ActiveCfg = Release|x86
		{58733DD6-1C6F-4FD7-B835-B13FEDE26C32}.Release|x86.Build.0 = Release|x86
		{AF4E577C-0313-4B7E-B35C-56FC91B89979}.Debug|Any CPU.ActiveCfg = Debug|Any CPU
		{AF4E577C-0313-4B7E-B35C-56FC91B89979}.Debug|Any CPU.Build.0 = Debug|Any CPU
		{AF4E577C-0313-4B7E-B35C-56FC91B89979}.Debug|ARM.ActiveCfg = Debug|ARM
		{AF4E577C-0313-4B7E-B35C-56FC91B89979}.Debug|ARM.Build.0 = Debug|ARM
		{AF4E577C-0313-4B7E-B35C-56FC91B89979}.Debug|iPhone.ActiveCfg = Debug|Any CPU
		{AF4E577C-0313-4B7E-B35C-56FC91B89979}.Debug|iPhone.Build.0 = Debug|Any CPU
		{AF4E577C-0313-4B7E-B35C-56FC91B89979}.Debug|iPhoneSimulator.ActiveCfg = Debug|Any CPU
		{AF4E577C-0313-4B7E-B35C-56FC91B89979}.Debug|iPhoneSimulator.Build.0 = Debug|Any CPU
		{AF4E577C-0313-4B7E-B35C-56FC91B89979}.Debug|x64.ActiveCfg = Debug|x64
		{AF4E577C-0313-4B7E-B35C-56FC91B89979}.Debug|x64.Build.0 = Debug|x64
		{AF4E577C-0313-4B7E-B35C-56FC91B89979}.Debug|x86.ActiveCfg = Debug|x86
		{AF4E577C-0313-4B7E-B35C-56FC91B89979}.Debug|x86.Build.0 = Debug|x86
		{AF4E577C-0313-4B7E-B35C-56FC91B89979}.Release|Any CPU.ActiveCfg = Release|Any CPU
		{AF4E577C-0313-4B7E-B35C-56FC91B89979}.Release|Any CPU.Build.0 = Release|Any CPU
		{AF4E577C-0313-4B7E-B35C-56FC91B89979}.Release|ARM.ActiveCfg = Release|ARM
		{AF4E577C-0313-4B7E-B35C-56FC91B89979}.Release|ARM.Build.0 = Release|ARM
		{AF4E577C-0313-4B7E-B35C-56FC91B89979}.Release|iPhone.ActiveCfg = Release|Any CPU
		{AF4E577C-0313-4B7E-B35C-56FC91B89979}.Release|iPhone.Build.0 = Release|Any CPU
		{AF4E577C-0313-4B7E-B35C-56FC91B89979}.Release|iPhoneSimulator.ActiveCfg = Release|Any CPU
		{AF4E577C-0313-4B7E-B35C-56FC91B89979}.Release|iPhoneSimulator.Build.0 = Release|Any CPU
		{AF4E577C-0313-4B7E-B35C-56FC91B89979}.Release|x64.ActiveCfg = Release|x64
		{AF4E577C-0313-4B7E-B35C-56FC91B89979}.Release|x64.Build.0 = Release|x64
		{AF4E577C-0313-4B7E-B35C-56FC91B89979}.Release|x86.ActiveCfg = Release|x86
		{AF4E577C-0313-4B7E-B35C-56FC91B89979}.Release|x86.Build.0 = Release|x86
	EndGlobalSection
	GlobalSection(SolutionProperties) = preSolution
		HideSolutionNode = FALSE
	EndGlobalSection
EndGlobal
